
Microsoft Visual Studio Solution File, Format Version 12.00
# Visual Studio Version 16
VisualStudioVersion = 16.0.34031.81
MinimumVisualStudioVersion = 10.0.40219.1
Project("{2150E333-8FDC-42A3-9474-1A3956D46DE8}") = "Task4", "Task4", "{9E1EA8C3-22D5-4934-A547-2B65A8DC415B}"
EndProject
Project("{FAE04EC0-301F-11D3-BF4B-00C04F79EFBC}") = "Tyuiu.YagodinVA.Sprint6.Task4.V21", "Tyuiu.YagodinVA.Sprint6.Task4.V21\Tyuiu.YagodinVA.Sprint6.Task4.V21.csproj", "{11D4404D-A448-4509-9834-DCE3DB23853A}"
EndProject
Project("{FAE04EC0-301F-11D3-BF4B-00C04F79EFBC}") = "Tyuiu.YagodinVA.Sprint6.Task4.V21.Lib", "Tyuiu.YagodinVA.Sprint6.Task4.V21.Lib\Tyuiu.YagodinVA.Sprint6.Task4.V21.Lib.csproj", "{9B677A44-106A-4324-96AE-329C618ED8E9}"
EndProject
Project("{FAE04EC0-301F-11D3-BF4B-00C04F79EFBC}") = "Tyuiu.YagodinVA.Sprint6.Task4.V21.Test", "Tyuiu.YagodinVA.Sprint6.Task4.V21.Test\Tyuiu.YagodinVA.Sprint6.Task4.V21.Test.csproj", "{6D07DE55-2505-4D79-8096-95E2E183BF5E}"
EndProject
Project("{2150E333-8FDC-42A3-9474-1A3956D46DE8}") = "Task5", "Task5", "{4315641C-6AD0-4347-8E2B-CD0DCAB67B5A}"
EndProject
Project("{FAE04EC0-301F-11D3-BF4B-00C04F79EFBC}") = "Tyuiu.YagodinVA.Sprint6.Task5.V3", "Tyuiu.YagodinVA.Sprint6.Task5.V3\Tyuiu.YagodinVA.Sprint6.Task5.V3.csproj", "{0BE881B4-F120-4198-B042-4C2A6348A47D}"
EndProject
Project("{FAE04EC0-301F-11D3-BF4B-00C04F79EFBC}") = "Tyuiu.YagodinVA.Sprint6.Task5.V3.Lib", "Tyuiu.YagodinVA.Sprint6.Task5.V3.Lib\Tyuiu.YagodinVA.Sprint6.Task5.V3.Lib.csproj", "{32CE0D46-AC0B-436E-B85A-C952067A2CD1}"
EndProject
Project("{FAE04EC0-301F-11D3-BF4B-00C04F79EFBC}") = "Tyuiu.YagodinVA.Sprint6.Task5.V3.Test", "Tyuiu.YagodinVA.Sprint6.Task5.V3.Test\Tyuiu.YagodinVA.Sprint6.Task5.V3.Test.csproj", "{0BAE5B97-A436-44EF-A066-83909AAF9D4A}"
EndProject
Project("{2150E333-8FDC-42A3-9474-1A3956D46DE8}") = "Task6", "Task6", "{4A5FF5C2-4401-48F9-9486-557C537EB888}"
EndProject
Project("{FAE04EC0-301F-11D3-BF4B-00C04F79EFBC}") = "Tyuiu.YagodinVA.Sprint6.Task6.V15", "Tyuiu.YagodinVA.Sprint6.Task6.V15\Tyuiu.YagodinVA.Sprint6.Task6.V15.csproj", "{7D0579C9-56DB-4F1B-93BF-10D293EC6853}"
EndProject
Project("{FAE04EC0-301F-11D3-BF4B-00C04F79EFBC}") = "Tyuiu.YagodinVA.Sprint6.Task6.V15.Lib", "Tyuiu.YagodinVA.Sprint6.Task6.V15.Lib\Tyuiu.YagodinVA.Sprint6.Task6.V15.Lib.csproj", "{D4913B51-5161-4710-B154-04496FBEB515}"
EndProject
Project("{FAE04EC0-301F-11D3-BF4B-00C04F79EFBC}") = "Tyuiu.YagodinVA.Sprint6.Task6.V15.Test", "Tyuiu.YagodinVA.Sprint6.Task6.V15.Test\Tyuiu.YagodinVA.Sprint6.Task6.V15.Test.csproj", "{CAE2FB93-F3EB-4604-8FED-06F0DBA700A9}"
EndProject
Project("{2150E333-8FDC-42A3-9474-1A3956D46DE8}") = "Task7", "Task7", "{612C4478-219F-4F08-ACA7-8774F18E7447}"
EndProject
Project("{FAE04EC0-301F-11D3-BF4B-00C04F79EFBC}") = "Tyuiu.YagodinVA.Sprint6.Task7.V24", "Tyuiu.YagodinVA.Sprint6.Task7.V24\Tyuiu.YagodinVA.Sprint6.Task7.V24.csproj", "{FBADBA07-3B4D-4D3D-AE40-42AB991A2C17}"
EndProject
Project("{FAE04EC0-301F-11D3-BF4B-00C04F79EFBC}") = "Tyuiu.YagodinVA.Sprint6.Task7.V24.Lib", "Tyuiu.YagodinVA.Sprint6.Task7.V24.Lib\Tyuiu.YagodinVA.Sprint6.Task7.V24.Lib.csproj", "{F7AA576E-7473-480C-8534-8858AEB59055}"
EndProject
Project("{FAE04EC0-301F-11D3-BF4B-00C04F79EFBC}") = "Tyuiu.YagodinVA.Sprint6.Task7.V24.Test", "Tyuiu.YagodinVA.Sprint6.Task7.V24.Test\Tyuiu.YagodinVA.Sprint6.Task7.V24.Test.csproj", "{5358716D-F575-499A-812B-354784C97FD4}"
EndProject
Global
	GlobalSection(SolutionConfigurationPlatforms) = preSolution
		Debug|Any CPU = Debug|Any CPU
		Release|Any CPU = Release|Any CPU
	EndGlobalSection
	GlobalSection(ProjectConfigurationPlatforms) = postSolution
		{11D4404D-A448-4509-9834-DCE3DB23853A}.Debug|Any CPU.ActiveCfg = Debug|Any CPU
		{11D4404D-A448-4509-9834-DCE3DB23853A}.Debug|Any CPU.Build.0 = Debug|Any CPU
		{11D4404D-A448-4509-9834-DCE3DB23853A}.Release|Any CPU.ActiveCfg = Release|Any CPU
		{11D4404D-A448-4509-9834-DCE3DB23853A}.Release|Any CPU.Build.0 = Release|Any CPU
		{9B677A44-106A-4324-96AE-329C618ED8E9}.Debug|Any CPU.ActiveCfg = Debug|Any CPU
		{9B677A44-106A-4324-96AE-329C618ED8E9}.Debug|Any CPU.Build.0 = Debug|Any CPU
		{9B677A44-106A-4324-96AE-329C618ED8E9}.Release|Any CPU.ActiveCfg = Release|Any CPU
		{9B677A44-106A-4324-96AE-329C618ED8E9}.Release|Any CPU.Build.0 = Release|Any CPU
		{6D07DE55-2505-4D79-8096-95E2E183BF5E}.Debug|Any CPU.ActiveCfg = Debug|Any CPU
		{6D07DE55-2505-4D79-8096-95E2E183BF5E}.Debug|Any CPU.Build.0 = Debug|Any CPU
		{6D07DE55-2505-4D79-8096-95E2E183BF5E}.Release|Any CPU.ActiveCfg = Release|Any CPU
		{6D07DE55-2505-4D79-8096-95E2E183BF5E}.Release|Any CPU.Build.0 = Release|Any CPU
		{0BE881B4-F120-4198-B042-4C2A6348A47D}.Debug|Any CPU.ActiveCfg = Debug|Any CPU
		{0BE881B4-F120-4198-B042-4C2A6348A47D}.Debug|Any CPU.Build.0 = Debug|Any CPU
		{0BE881B4-F120-4198-B042-4C2A6348A47D}.Release|Any CPU.ActiveCfg = Release|Any CPU
		{0BE881B4-F120-4198-B042-4C2A6348A47D}.Release|Any CPU.Build.0 = Release|Any CPU
		{32CE0D46-AC0B-436E-B85A-C952067A2CD1}.Debug|Any CPU.ActiveCfg = Debug|Any CPU
		{32CE0D46-AC0B-436E-B85A-C952067A2CD1}.Debug|Any CPU.Build.0 = Debug|Any CPU
		{32CE0D46-AC0B-436E-B85A-C952067A2CD1}.Release|Any CPU.ActiveCfg = Release|Any CPU
		{32CE0D46-AC0B-436E-B85A-C952067A2CD1}.Release|Any CPU.Build.0 = Release|Any CPU
		{0BAE5B97-A436-44EF-A066-83909AAF9D4A}.Debug|Any CPU.ActiveCfg = Debug|Any CPU
		{0BAE5B97-A436-44EF-A066-83909AAF9D4A}.Debug|Any CPU.Build.0 = Debug|Any CPU
		{0BAE5B97-A436-44EF-A066-83909AAF9D4A}.Release|Any CPU.ActiveCfg = Release|Any CPU
		{0BAE5B97-A436-44EF-A066-83909AAF9D4A}.Release|Any CPU.Build.0 = Release|Any CPU
		{7D0579C9-56DB-4F1B-93BF-10D293EC6853}.Debug|Any CPU.ActiveCfg = Debug|Any CPU
		{7D0579C9-56DB-4F1B-93BF-10D293EC6853}.Debug|Any CPU.Build.0 = Debug|Any CPU
		{7D0579C9-56DB-4F1B-93BF-10D293EC6853}.Release|Any CPU.ActiveCfg = Release|Any CPU
		{7D0579C9-56DB-4F1B-93BF-10D293EC6853}.Release|Any CPU.Build.0 = Release|Any CPU
		{D4913B51-5161-4710-B154-04496FBEB515}.Debug|Any CPU.ActiveCfg = Debug|Any CPU
		{D4913B51-5161-4710-B154-04496FBEB515}.Debug|Any CPU.Build.0 = Debug|Any CPU
		{D4913B51-5161-4710-B154-04496FBEB515}.Release|Any CPU.ActiveCfg = Release|Any CPU
		{D4913B51-5161-4710-B154-04496FBEB515}.Release|Any CPU.Build.0 = Release|Any CPU
		{CAE2FB93-F3EB-4604-8FED-06F0DBA700A9}.Debug|Any CPU.ActiveCfg = Debug|Any CPU
		{CAE2FB93-F3EB-4604-8FED-06F0DBA700A9}.Debug|Any CPU.Build.0 = Debug|Any CPU
		{CAE2FB93-F3EB-4604-8FED-06F0DBA700A9}.Release|Any CPU.ActiveCfg = Release|Any CPU
		{CAE2FB93-F3EB-4604-8FED-06F0DBA700A9}.Release|Any CPU.Build.0 = Release|Any CPU
		{FBADBA07-3B4D-4D3D-AE40-42AB991A2C17}.Debug|Any CPU.ActiveCfg = Debug|Any CPU
		{FBADBA07-3B4D-4D3D-AE40-42AB991A2C17}.Debug|Any CPU.Build.0 = Debug|Any CPU
		{FBADBA07-3B4D-4D3D-AE40-42AB991A2C17}.Release|Any CPU.ActiveCfg = Release|Any CPU
		{FBADBA07-3B4D-4D3D-AE40-42AB991A2C17}.Release|Any CPU.Build.0 = Release|Any CPU
		{F7AA576E-7473-480C-8534-8858AEB59055}.Debug|Any CPU.ActiveCfg = Debug|Any CPU
		{F7AA576E-7473-480C-8534-8858AEB59055}.Debug|Any CPU.Build.0 = Debug|Any CPU
		{F7AA576E-7473-480C-8534-8858AEB59055}.Release|Any CPU.ActiveCfg = Release|Any CPU
		{F7AA576E-7473-480C-8534-8858AEB59055}.Release|Any CPU.Build.0 = Release|Any CPU
		{5358716D-F575-499A-812B-354784C97FD4}.Debug|Any CPU.ActiveCfg = Debug|Any CPU
		{5358716D-F575-499A-812B-354784C97FD4}.Debug|Any CPU.Build.0 = Debug|Any CPU
		{5358716D-F575-499A-812B-354784C97FD4}.Release|Any CPU.ActiveCfg = Release|Any CPU
		{5358716D-F575-499A-812B-354784C97FD4}.Release|Any CPU.Build.0 = Release|Any CPU
	EndGlobalSection
	GlobalSection(SolutionProperties) = preSolution
		HideSolutionNode = FALSE
	EndGlobalSection
	GlobalSection(NestedProjects) = preSolution
		{11D4404D-A448-4509-9834-DCE3DB23853A} = {9E1EA8C3-22D5-4934-A547-2B65A8DC415B}
		{9B677A44-106A-4324-96AE-329C618ED8E9} = {9E1EA8C3-22D5-4934-A547-2B65A8DC415B}
		{6D07DE55-2505-4D79-8096-95E2E183BF5E} = {9E1EA8C3-22D5-4934-A547-2B65A8DC415B}
		{0BE881B4-F120-4198-B042-4C2A6348A47D} = {4315641C-6AD0-4347-8E2B-CD0DCAB67B5A}
		{32CE0D46-AC0B-436E-B85A-C952067A2CD1} = {4315641C-6AD0-4347-8E2B-CD0DCAB67B5A}
		{0BAE5B97-A436-44EF-A066-83909AAF9D4A} = {4315641C-6AD0-4347-8E2B-CD0DCAB67B5A}
		{7D0579C9-56DB-4F1B-93BF-10D293EC6853} = {4A5FF5C2-4401-48F9-9486-557C537EB888}
		{D4913B51-5161-4710-B154-04496FBEB515} = {4A5FF5C2-4401-48F9-9486-557C537EB888}
		{CAE2FB93-F3EB-4604-8FED-06F0DBA700A9} = {4A5FF5C2-4401-48F9-9486-557C537EB888}
		{FBADBA07-3B4D-4D3D-AE40-42AB991A2C17} = {612C4478-219F-4F08-ACA7-8774F18E7447}
		{F7AA576E-7473-480C-8534-8858AEB59055} = {612C4478-219F-4F08-ACA7-8774F18E7447}
		{5358716D-F575-499A-812B-354784C97FD4} = {612C4478-219F-4F08-ACA7-8774F18E7447}
	EndGlobalSection
	GlobalSection(ExtensibilityGlobals) = postSolution
		SolutionGuid = {2E8B05FC-223D-4BA6-8FC1-8E3B282B5085}
	EndGlobalSection
EndGlobal
