
Microsoft Visual Studio Solution File, Format Version 12.00
# Visual Studio Version 16
VisualStudioVersion = 16.0.34031.81
MinimumVisualStudioVersion = 10.0.40219.1
Project("{2150E333-8FDC-42A3-9474-1A3956D46DE8}") = "Task0", "Task0", "{9520B177-5D54-4750-B3A9-3671359EE06E}"
EndProject
Project("{FAE04EC0-301F-11D3-BF4B-00C04F79EFBC}") = "Tyuiu.YagodinVA.Sprint6.Task0.V17", "Tyuiu.YagodinVA.Sprint6.Task0.V17\Tyuiu.YagodinVA.Sprint6.Task0.V17.csproj", "{7042C920-A78A-41A0-8EA1-18588BDB9382}"
EndProject
Project("{FAE04EC0-301F-11D3-BF4B-00C04F79EFBC}") = "Tyuiu.YagodinVA.Sprint6.Task0.V17.Lib", "Tyuiu.YagodinVA.Sprint6.Task0.V17.Lib\Tyuiu.YagodinVA.Sprint6.Task0.V17.Lib.csproj", "{257F7A11-6A61-438B-91D2-EAC4FAF07D67}"
EndProject
Project("{FAE04EC0-301F-11D3-BF4B-00C04F79EFBC}") = "Tyuiu.YagodinVA.Sprint6.Task0.V17.Test", "Tyuiu.YagodinVA.Sprint6.Task0.V17.Test\Tyuiu.YagodinVA.Sprint6.Task0.V17.Test.csproj", "{83A226C6-0B02-4DE5-BAA4-0D9465738214}"
EndProject
Project("{2150E333-8FDC-42A3-9474-1A3956D46DE8}") = "Task1", "Task1", "{531B891B-3D5E-43B3-BC42-D25BB6ADC15F}"
EndProject
Project("{FAE04EC0-301F-11D3-BF4B-00C04F79EFBC}") = "Tyuiu.YagodinVA.Sprint6.Task1.V1", "Tyuiu.YagodinVA.Sprint6.Task1.V1\Tyuiu.YagodinVA.Sprint6.Task1.V1.csproj", "{5621E608-91E3-48F5-8D70-797E36510DBE}"
EndProject
Project("{FAE04EC0-301F-11D3-BF4B-00C04F79EFBC}") = "Tyuiu.YagodinVA.Sprint6.Task1.V1.Lib", "Tyuiu.YagodinVA.Sprint6.Task1.V1.Lib\Tyuiu.YagodinVA.Sprint6.Task1.V1.Lib.csproj", "{AB01C2B8-26A9-43C2-A3B5-40B73D6A99C1}"
EndProject
Project("{FAE04EC0-301F-11D3-BF4B-00C04F79EFBC}") = "Tyuiu.YagodinVA.Sprint6.Task1.V1.Test", "Tyuiu.YagodinVA.Sprint6.Task1.V1.Test\Tyuiu.YagodinVA.Sprint6.Task1.V1.Test.csproj", "{5194B085-85BF-477E-8958-45E36D89EF6C}"
EndProject
Project("{2150E333-8FDC-42A3-9474-1A3956D46DE8}") = "Task2", "Task2", "{58CC1CA0-ABAD-414B-AD7B-8BDB21C872FD}"
EndProject
Project("{FAE04EC0-301F-11D3-BF4B-00C04F79EFBC}") = "Tyuiu.YagodinVA.Sprint6.Task2.V4", "Tyuiu.YagodinVA.Sprint6.Task2.V4\Tyuiu.YagodinVA.Sprint6.Task2.V4.csproj", "{8693CBC1-4E3C-4FF7-8673-47A013B2CCD6}"
EndProject
Project("{FAE04EC0-301F-11D3-BF4B-00C04F79EFBC}") = "Tyuiu.YagodinVA.Sprint6.Task2.V4.Lib", "Tyuiu.YagodinVA.Sprint6.Task2.V4.Lib\Tyuiu.YagodinVA.Sprint6.Task2.V4.Lib.csproj", "{F86C1D13-102F-495F-9637-5FB5BD9CCDE3}"
EndProject
Project("{FAE04EC0-301F-11D3-BF4B-00C04F79EFBC}") = "Tyuiu.YagodinVA.Sprint6.Task2.V4.Test", "Tyuiu.YagodinVA.Sprint6.Task2.V4.Test\Tyuiu.YagodinVA.Sprint6.Task2.V4.Test.csproj", "{5BF2F799-BDB3-4F25-AE20-A77DEB6653B6}"
EndProject
Project("{2150E333-8FDC-42A3-9474-1A3956D46DE8}") = "Task3", "Task3", "{B0E821DD-2729-4931-BE85-1720D93D3E3D}"
EndProject
Project("{FAE04EC0-301F-11D3-BF4B-00C04F79EFBC}") = "Tyuiu.YagodinVA.Sprint6.Task3.V12", "Tyuiu.YagodinVA.Sprint6.Task3.V12\Tyuiu.YagodinVA.Sprint6.Task3.V12.csproj", "{24EFA783-6F87-4811-B538-4C2B6A8A81CE}"
EndProject
Project("{FAE04EC0-301F-11D3-BF4B-00C04F79EFBC}") = "Tyuiu.YagodinVA.Sprint6.Task3.V12.Lib", "Tyuiu.YagodinVA.Sprint6.Task3.V12.Lib\Tyuiu.YagodinVA.Sprint6.Task3.V12.Lib.csproj", "{07A55D4D-9B05-4A4A-8B48-96C50078C7A2}"
EndProject
Project("{FAE04EC0-301F-11D3-BF4B-00C04F79EFBC}") = "Tyuiu.YagodinVA.Sprint6.Task3.V12.Test", "Tyuiu.YagodinVA.Sprint6.Task3.V12.Test\Tyuiu.YagodinVA.Sprint6.Task3.V12.Test.csproj", "{5E39FD8C-0684-42AC-A1CF-436A9708B981}"
EndProject
Global
	GlobalSection(SolutionConfigurationPlatforms) = preSolution
		Debug|Any CPU = Debug|Any CPU
		Release|Any CPU = Release|Any CPU
	EndGlobalSection
	GlobalSection(ProjectConfigurationPlatforms) = postSolution
		{7042C920-A78A-41A0-8EA1-18588BDB9382}.Debug|Any CPU.ActiveCfg = Debug|Any CPU
		{7042C920-A78A-41A0-8EA1-18588BDB9382}.Debug|Any CPU.Build.0 = Debug|Any CPU
		{7042C920-A78A-41A0-8EA1-18588BDB9382}.Release|Any CPU.ActiveCfg = Release|Any CPU
		{7042C920-A78A-41A0-8EA1-18588BDB9382}.Release|Any CPU.Build.0 = Release|Any CPU
		{257F7A11-6A61-438B-91D2-EAC4FAF07D67}.Debug|Any CPU.ActiveCfg = Debug|Any CPU
		{257F7A11-6A61-438B-91D2-EAC4FAF07D67}.Debug|Any CPU.Build.0 = Debug|Any CPU
		{257F7A11-6A61-438B-91D2-EAC4FAF07D67}.Release|Any CPU.ActiveCfg = Release|Any CPU
		{257F7A11-6A61-438B-91D2-EAC4FAF07D67}.Release|Any CPU.Build.0 = Release|Any CPU
		{83A226C6-0B02-4DE5-BAA4-0D9465738214}.Debug|Any CPU.ActiveCfg = Debug|Any CPU
		{83A226C6-0B02-4DE5-BAA4-0D9465738214}.Debug|Any CPU.Build.0 = Debug|Any CPU
		{83A226C6-0B02-4DE5-BAA4-0D9465738214}.Release|Any CPU.ActiveCfg = Release|Any CPU
		{83A226C6-0B02-4DE5-BAA4-0D9465738214}.Release|Any CPU.Build.0 = Release|Any CPU
		{5621E608-91E3-48F5-8D70-797E36510DBE}.Debug|Any CPU.ActiveCfg = Debug|Any CPU
		{5621E608-91E3-48F5-8D70-797E36510DBE}.Debug|Any CPU.Build.0 = Debug|Any CPU
		{5621E608-91E3-48F5-8D70-797E36510DBE}.Release|Any CPU.ActiveCfg = Release|Any CPU
		{5621E608-91E3-48F5-8D70-797E36510DBE}.Release|Any CPU.Build.0 = Release|Any CPU
		{AB01C2B8-26A9-43C2-A3B5-40B73D6A99C1}.Debug|Any CPU.ActiveCfg = Debug|Any CPU
		{AB01C2B8-26A9-43C2-A3B5-40B73D6A99C1}.Debug|Any CPU.Build.0 = Debug|Any CPU
		{AB01C2B8-26A9-43C2-A3B5-40B73D6A99C1}.Release|Any CPU.ActiveCfg = Release|Any CPU
		{AB01C2B8-26A9-43C2-A3B5-40B73D6A99C1}.Release|Any CPU.Build.0 = Release|Any CPU
		{5194B085-85BF-477E-8958-45E36D89EF6C}.Debug|Any CPU.ActiveCfg = Debug|Any CPU
		{5194B085-85BF-477E-8958-45E36D89EF6C}.Debug|Any CPU.Build.0 = Debug|Any CPU
		{5194B085-85BF-477E-8958-45E36D89EF6C}.Release|Any CPU.ActiveCfg = Release|Any CPU
		{5194B085-85BF-477E-8958-45E36D89EF6C}.Release|Any CPU.Build.0 = Release|Any CPU
		{8693CBC1-4E3C-4FF7-8673-47A013B2CCD6}.Debug|Any CPU.ActiveCfg = Debug|Any CPU
		{8693CBC1-4E3C-4FF7-8673-47A013B2CCD6}.Debug|Any CPU.Build.0 = Debug|Any CPU
		{8693CBC1-4E3C-4FF7-8673-47A013B2CCD6}.Release|Any CPU.ActiveCfg = Release|Any CPU
		{8693CBC1-4E3C-4FF7-8673-47A013B2CCD6}.Release|Any CPU.Build.0 = Release|Any CPU
		{F86C1D13-102F-495F-9637-5FB5BD9CCDE3}.Debug|Any CPU.ActiveCfg = Debug|Any CPU
		{F86C1D13-102F-495F-9637-5FB5BD9CCDE3}.Debug|Any CPU.Build.0 = Debug|Any CPU
		{F86C1D13-102F-495F-9637-5FB5BD9CCDE3}.Release|Any CPU.ActiveCfg = Release|Any CPU
		{F86C1D13-102F-495F-9637-5FB5BD9CCDE3}.Release|Any CPU.Build.0 = Release|Any CPU
		{5BF2F799-BDB3-4F25-AE20-A77DEB6653B6}.Debug|Any CPU.ActiveCfg = Debug|Any CPU
		{5BF2F799-BDB3-4F25-AE20-A77DEB6653B6}.Debug|Any CPU.Build.0 = Debug|Any CPU
		{5BF2F799-BDB3-4F25-AE20-A77DEB6653B6}.Release|Any CPU.ActiveCfg = Release|Any CPU
		{5BF2F799-BDB3-4F25-AE20-A77DEB6653B6}.Release|Any CPU.Build.0 = Release|Any CPU
		{24EFA783-6F87-4811-B538-4C2B6A8A81CE}.Debug|Any CPU.ActiveCfg = Debug|Any CPU
		{24EFA783-6F87-4811-B538-4C2B6A8A81CE}.Debug|Any CPU.Build.0 = Debug|Any CPU
		{24EFA783-6F87-4811-B538-4C2B6A8A81CE}.Release|Any CPU.ActiveCfg = Release|Any CPU
		{24EFA783-6F87-4811-B538-4C2B6A8A81CE}.Release|Any CPU.Build.0 = Release|Any CPU
		{07A55D4D-9B05-4A4A-8B48-96C50078C7A2}.Debug|Any CPU.ActiveCfg = Debug|Any CPU
		{07A55D4D-9B05-4A4A-8B48-96C50078C7A2}.Debug|Any CPU.Build.0 = Debug|Any CPU
		{07A55D4D-9B05-4A4A-8B48-96C50078C7A2}.Release|Any CPU.ActiveCfg = Release|Any CPU
		{07A55D4D-9B05-4A4A-8B48-96C50078C7A2}.Release|Any CPU.Build.0 = Release|Any CPU
		{5E39FD8C-0684-42AC-A1CF-436A9708B981}.Debug|Any CPU.ActiveCfg = Debug|Any CPU
		{5E39FD8C-0684-42AC-A1CF-436A9708B981}.Debug|Any CPU.Build.0 = Debug|Any CPU
		{5E39FD8C-0684-42AC-A1CF-436A9708B981}.Release|Any CPU.ActiveCfg = Release|Any CPU
		{5E39FD8C-0684-42AC-A1CF-436A9708B981}.Release|Any CPU.Build.0 = Release|Any CPU
	EndGlobalSection
	GlobalSection(SolutionProperties) = preSolution
		HideSolutionNode = FALSE
	EndGlobalSection
	GlobalSection(NestedProjects) = preSolution
		{7042C920-A78A-41A0-8EA1-18588BDB9382} = {9520B177-5D54-4750-B3A9-3671359EE06E}
		{257F7A11-6A61-438B-91D2-EAC4FAF07D67} = {9520B177-5D54-4750-B3A9-3671359EE06E}
		{83A226C6-0B02-4DE5-BAA4-0D9465738214} = {9520B177-5D54-4750-B3A9-3671359EE06E}
		{5621E608-91E3-48F5-8D70-797E36510DBE} = {531B891B-3D5E-43B3-BC42-D25BB6ADC15F}
		{AB01C2B8-26A9-43C2-A3B5-40B73D6A99C1} = {531B891B-3D5E-43B3-BC42-D25BB6ADC15F}
		{5194B085-85BF-477E-8958-45E36D89EF6C} = {531B891B-3D5E-43B3-BC42-D25BB6ADC15F}
		{8693CBC1-4E3C-4FF7-8673-47A013B2CCD6} = {58CC1CA0-ABAD-414B-AD7B-8BDB21C872FD}
		{F86C1D13-102F-495F-9637-5FB5BD9CCDE3} = {58CC1CA0-ABAD-414B-AD7B-8BDB21C872FD}
		{5BF2F799-BDB3-4F25-AE20-A77DEB6653B6} = {58CC1CA0-ABAD-414B-AD7B-8BDB21C872FD}
		{24EFA783-6F87-4811-B538-4C2B6A8A81CE} = {B0E821DD-2729-4931-BE85-1720D93D3E3D}
		{07A55D4D-9B05-4A4A-8B48-96C50078C7A2} = {B0E821DD-2729-4931-BE85-1720D93D3E3D}
		{5E39FD8C-0684-42AC-A1CF-436A9708B981} = {B0E821DD-2729-4931-BE85-1720D93D3E3D}
	EndGlobalSection
	GlobalSection(ExtensibilityGlobals) = postSolution
		SolutionGuid = {EA51A725-16E3-4CCE-9EC4-DB7DC7254D29}
	EndGlobalSection
EndGlobal
